
Microsoft Visual Studio Solution File, Format Version 12.00
# Visual Studio Version 16
VisualStudioVersion = 16.0.30717.126
MinimumVisualStudioVersion = 10.0.40219.1
Project("{8BC9CEB8-8B4A-11D0-8D11-00A0C91BC942}") = "Proyecto 1", "Proyecto 1.vcxproj", "{70F60FFC-649A-4A5A-B0AE-38941A8401E7}"
EndProject
Global
	GlobalSection(SolutionConfigurationPlatforms) = preSolution
		Debug|x64 = Debug|x64
		Debug|x86 = Debug|x86
		Release|x64 = Release|x64
		Release|x86 = Release|x86
	EndGlobalSection
	GlobalSection(ProjectConfigurationPlatforms) = postSolution
		{70F60FFC-649A-4A5A-B0AE-38941A8401E7}.Debug|x64.ActiveCfg = Debug|x64
		{70F60FFC-649A-4A5A-B0AE-38941A8401E7}.Debug|x64.Build.0 = Debug|x64
		{70F60FFC-649A-4A5A-B0AE-38941A8401E7}.Debug|x86.ActiveCfg = Debug|Win32
		{70F60FFC-649A-4A5A-B0AE-38941A8401E7}.Debug|x86.Build.0 = Debug|Win32
		{70F60FFC-649A-4A5A-B0AE-38941A8401E7}.Release|x64.ActiveCfg = Release|x64
		{70F60FFC-649A-4A5A-B0AE-38941A8401E7}.Release|x64.Build.0 = Release|x64
		{70F60FFC-649A-4A5A-B0AE-38941A8401E7}.Release|x86.ActiveCfg = Release|Win32
		{70F60FFC-649A-4A5A-B0AE-38941A8401E7}.Release|x86.Build.0 = Release|Win32
	EndGlobalSection
	GlobalSection(SolutionProperties) = preSolution
		HideSolutionNode = FALSE
	EndGlobalSection
	GlobalSection(ExtensibilityGlobals) = postSolution
		SolutionGuid = {99384C46-4F11-40A0-8A96-EB3ADF405A06}
	EndGlobalSection
EndGlobal
